
Microsoft Visual Studio Solution File, Format Version 12.00
# Visual Studio Version 17
VisualStudioVersion = 17.8.34330.188
MinimumVisualStudioVersion = 10.0.40219.1
Project("{FAE04EC0-301F-11D3-BF4B-00C04F79EFBC}") = "SCoelloS6", "SCoelloS6.csproj", "{35598CEF-32D4-42B5-B354-5556F8A9DF58}"
EndProject
Global
	GlobalSection(SolutionConfigurationPlatforms) = preSolution
		Debug|Any CPU = Debug|Any CPU
		Release|Any CPU = Release|Any CPU
	EndGlobalSection
	GlobalSection(ProjectConfigurationPlatforms) = postSolution
		{35598CEF-32D4-42B5-B354-5556F8A9DF58}.Debug|Any CPU.ActiveCfg = Debug|Any CPU
		{35598CEF-32D4-42B5-B354-5556F8A9DF58}.Debug|Any CPU.Build.0 = Debug|Any CPU
		{35598CEF-32D4-42B5-B354-5556F8A9DF58}.Debug|Any CPU.Deploy.0 = Debug|Any CPU
		{35598CEF-32D4-42B5-B354-5556F8A9DF58}.Release|Any CPU.ActiveCfg = Release|Any CPU
		{35598CEF-32D4-42B5-B354-5556F8A9DF58}.Release|Any CPU.Build.0 = Release|Any CPU
		{35598CEF-32D4-42B5-B354-5556F8A9DF58}.Release|Any CPU.Deploy.0 = Release|Any CPU
	EndGlobalSection
	GlobalSection(SolutionProperties) = preSolution
		HideSolutionNode = FALSE
	EndGlobalSection
	GlobalSection(ExtensibilityGlobals) = postSolution
		SolutionGuid = {0CF8ACAA-704F-461B-8D03-3B2D832A5DD3}
	EndGlobalSection
EndGlobal
